// !$*UTF8*$!
{
	archiveVersion = 1;
	classes = {
	};
	objectVersion = 50;
	objects = {

/* Begin PBXBuildFile section */
		9048742D24A18FC200022533 /* AppDelegate.swift in Sources */ = {isa = PBXBuildFile; fileRef = 9048742C24A18FC200022533 /* AppDelegate.swift */; };
		9048742F24A18FC200022533 /* SceneDelegate.swift in Sources */ = {isa = PBXBuildFile; fileRef = 9048742E24A18FC200022533 /* SceneDelegate.swift */; };
		9048743624A18FC200022533 /* Main.storyboard in Resources */ = {isa = PBXBuildFile; fileRef = 9048743424A18FC200022533 /* Main.storyboard */; };
		9048743924A18FC200022533 /* Spring_Planning_Tools.xcdatamodeld in Sources */ = {isa = PBXBuildFile; fileRef = 9048743724A18FC200022533 /* Spring_Planning_Tools.xcdatamodeld */; };
		9048743B24A18FC400022533 /* Assets.xcassets in Resources */ = {isa = PBXBuildFile; fileRef = 9048743A24A18FC400022533 /* Assets.xcassets */; };
		9048743E24A18FC400022533 /* LaunchScreen.storyboard in Resources */ = {isa = PBXBuildFile; fileRef = 9048743C24A18FC400022533 /* LaunchScreen.storyboard */; };
		9048744724A1F20C00022533 /* Protocols.swift in Sources */ = {isa = PBXBuildFile; fileRef = 9048744624A1F20C00022533 /* Protocols.swift */; };
		9048744924A1F21600022533 /* Constants.swift in Sources */ = {isa = PBXBuildFile; fileRef = 9048744824A1F21600022533 /* Constants.swift */; };
		9048744C24A1F22B00022533 /* Enums.swift in Sources */ = {isa = PBXBuildFile; fileRef = 9048744B24A1F22B00022533 /* Enums.swift */; };
		9048745024A1F2DF00022533 /* SettingsTableViewController.swift in Sources */ = {isa = PBXBuildFile; fileRef = 9048744F24A1F2DF00022533 /* SettingsTableViewController.swift */; };
		9048745324A1F53000022533 /* PlanningMasterTableViewController.swift in Sources */ = {isa = PBXBuildFile; fileRef = 9048745224A1F53000022533 /* PlanningMasterTableViewController.swift */; };
		9048745524A1F54000022533 /* PlanningDetailViewController.swift in Sources */ = {isa = PBXBuildFile; fileRef = 9048745424A1F54000022533 /* PlanningDetailViewController.swift */; };
		9048745724A1F54E00022533 /* CoreDataHelper.swift in Sources */ = {isa = PBXBuildFile; fileRef = 9048745624A1F54E00022533 /* CoreDataHelper.swift */; };
		9048745924A2031800022533 /* Extensions.swift in Sources */ = {isa = PBXBuildFile; fileRef = 9048745824A2031800022533 /* Extensions.swift */; };
		906869C524A3422E00AF775A /* AuthorTaskViewController.swift in Sources */ = {isa = PBXBuildFile; fileRef = 906869C424A3422E00AF775A /* AuthorTaskViewController.swift */; };
		906B70A524A2354C00062C46 /* ListTaskTableViewCell.swift in Sources */ = {isa = PBXBuildFile; fileRef = 906B70A424A2354C00062C46 /* ListTaskTableViewCell.swift */; };
		906B70A724A266A500062C46 /* TaskDetailViewController.swift in Sources */ = {isa = PBXBuildFile; fileRef = 906B70A624A266A500062C46 /* TaskDetailViewController.swift */; };
/* End PBXBuildFile section */

/* Begin PBXFileReference section */
		9048742924A18FC200022533 /* Spring Planning Tools.app */ = {isa = PBXFileReference; explicitFileType = wrapper.application; includeInIndex = 0; path = "Spring Planning Tools.app"; sourceTree = BUILT_PRODUCTS_DIR; };
		9048742C24A18FC200022533 /* AppDelegate.swift */ = {isa = PBXFileReference; lastKnownFileType = sourcecode.swift; path = AppDelegate.swift; sourceTree = "<group>"; };
		9048742E24A18FC200022533 /* SceneDelegate.swift */ = {isa = PBXFileReference; lastKnownFileType = sourcecode.swift; path = SceneDelegate.swift; sourceTree = "<group>"; };
		9048743524A18FC200022533 /* Base */ = {isa = PBXFileReference; lastKnownFileType = file.storyboard; name = Base; path = Base.lproj/Main.storyboard; sourceTree = "<group>"; };
		9048743824A18FC200022533 /* Spring_Planning_Tools.xcdatamodel */ = {isa = PBXFileReference; lastKnownFileType = wrapper.xcdatamodel; path = Spring_Planning_Tools.xcdatamodel; sourceTree = "<group>"; };
		9048743A24A18FC400022533 /* Assets.xcassets */ = {isa = PBXFileReference; lastKnownFileType = folder.assetcatalog; path = Assets.xcassets; sourceTree = "<group>"; };
		9048743D24A18FC400022533 /* Base */ = {isa = PBXFileReference; lastKnownFileType = file.storyboard; name = Base; path = Base.lproj/LaunchScreen.storyboard; sourceTree = "<group>"; };
		9048743F24A18FC400022533 /* Info.plist */ = {isa = PBXFileReference; lastKnownFileType = text.plist.xml; path = Info.plist; sourceTree = "<group>"; };
		9048744624A1F20C00022533 /* Protocols.swift */ = {isa = PBXFileReference; lastKnownFileType = sourcecode.swift; path = Protocols.swift; sourceTree = "<group>"; };
		9048744824A1F21600022533 /* Constants.swift */ = {isa = PBXFileReference; lastKnownFileType = sourcecode.swift; path = Constants.swift; sourceTree = "<group>"; };
		9048744B24A1F22B00022533 /* Enums.swift */ = {isa = PBXFileReference; lastKnownFileType = sourcecode.swift; path = Enums.swift; sourceTree = "<group>"; };
		9048744F24A1F2DF00022533 /* SettingsTableViewController.swift */ = {isa = PBXFileReference; lastKnownFileType = sourcecode.swift; path = SettingsTableViewController.swift; sourceTree = "<group>"; };
		9048745224A1F53000022533 /* PlanningMasterTableViewController.swift */ = {isa = PBXFileReference; lastKnownFileType = sourcecode.swift; path = PlanningMasterTableViewController.swift; sourceTree = "<group>"; };
		9048745424A1F54000022533 /* PlanningDetailViewController.swift */ = {isa = PBXFileReference; lastKnownFileType = sourcecode.swift; path = PlanningDetailViewController.swift; sourceTree = "<group>"; };
		9048745624A1F54E00022533 /* CoreDataHelper.swift */ = {isa = PBXFileReference; lastKnownFileType = sourcecode.swift; path = CoreDataHelper.swift; sourceTree = "<group>"; };
		9048745824A2031800022533 /* Extensions.swift */ = {isa = PBXFileReference; lastKnownFileType = sourcecode.swift; path = Extensions.swift; sourceTree = "<group>"; };
		906869C424A3422E00AF775A /* AuthorTaskViewController.swift */ = {isa = PBXFileReference; lastKnownFileType = sourcecode.swift; path = AuthorTaskViewController.swift; sourceTree = "<group>"; };
		906B70A424A2354C00062C46 /* ListTaskTableViewCell.swift */ = {isa = PBXFileReference; lastKnownFileType = sourcecode.swift; path = ListTaskTableViewCell.swift; sourceTree = "<group>"; };
		906B70A624A266A500062C46 /* TaskDetailViewController.swift */ = {isa = PBXFileReference; lastKnownFileType = sourcecode.swift; path = TaskDetailViewController.swift; sourceTree = "<group>"; };
/* End PBXFileReference section */

/* Begin PBXFrameworksBuildPhase section */
		9048742624A18FC200022533 /* Frameworks */ = {
			isa = PBXFrameworksBuildPhase;
			buildActionMask = 2147483647;
			files = (
			);
			runOnlyForDeploymentPostprocessing = 0;
		};
/* End PBXFrameworksBuildPhase section */

/* Begin PBXGroup section */
		9048742024A18FC200022533 = {
			isa = PBXGroup;
			children = (
				9048742B24A18FC200022533 /* Spring Planning Tools */,
				9048742A24A18FC200022533 /* Products */,
			);
			sourceTree = "<group>";
		};
		9048742A24A18FC200022533 /* Products */ = {
			isa = PBXGroup;
			children = (
				9048742924A18FC200022533 /* Spring Planning Tools.app */,
			);
			name = Products;
			sourceTree = "<group>";
		};
		9048742B24A18FC200022533 /* Spring Planning Tools */ = {
			isa = PBXGroup;
			children = (
				906B70A124A2351A00062C46 /* view */,
				9048744D24A1F2B600022533 /* controllers */,
				9048744524A1F1F200022533 /* services */,
				9048742C24A18FC200022533 /* AppDelegate.swift */,
				9048742E24A18FC200022533 /* SceneDelegate.swift */,
				9048743424A18FC200022533 /* Main.storyboard */,
				9048743A24A18FC400022533 /* Assets.xcassets */,
				9048743C24A18FC400022533 /* LaunchScreen.storyboard */,
				9048743F24A18FC400022533 /* Info.plist */,
				9048743724A18FC200022533 /* Spring_Planning_Tools.xcdatamodeld */,
			);
			path = "Spring Planning Tools";
			sourceTree = "<group>";
		};
		9048744524A1F1F200022533 /* services */ = {
			isa = PBXGroup;
			children = (
				9048744B24A1F22B00022533 /* Enums.swift */,
				9048744824A1F21600022533 /* Constants.swift */,
				9048744624A1F20C00022533 /* Protocols.swift */,
				9048745624A1F54E00022533 /* CoreDataHelper.swift */,
				9048745824A2031800022533 /* Extensions.swift */,
			);
			path = services;
			sourceTree = "<group>";
		};
		9048744D24A1F2B600022533 /* controllers */ = {
			isa = PBXGroup;
			children = (
				9048745124A1F51D00022533 /* plannings */,
				9048744E24A1F2C900022533 /* settings */,
			);
			path = controllers;
			sourceTree = "<group>";
		};
		9048744E24A1F2C900022533 /* settings */ = {
			isa = PBXGroup;
			children = (
				9048744F24A1F2DF00022533 /* SettingsTableViewController.swift */,
			);
			path = settings;
			sourceTree = "<group>";
		};
		9048745124A1F51D00022533 /* plannings */ = {
			isa = PBXGroup;
			children = (
				906869C324A3421800AF775A /* task */,
				9048745224A1F53000022533 /* PlanningMasterTableViewController.swift */,
				9048745424A1F54000022533 /* PlanningDetailViewController.swift */,
			);
			path = plannings;
			sourceTree = "<group>";
		};
		906869C324A3421800AF775A /* task */ = {
			isa = PBXGroup;
			children = (
				906B70A624A266A500062C46 /* TaskDetailViewController.swift */,
				906869C424A3422E00AF775A /* AuthorTaskViewController.swift */,
			);
			path = task;
			sourceTree = "<group>";
		};
		906B70A124A2351A00062C46 /* view */ = {
			isa = PBXGroup;
			children = (
				906B70A224A2352C00062C46 /* plannings */,
			);
			path = view;
			sourceTree = "<group>";
		};
		906B70A224A2352C00062C46 /* plannings */ = {
			isa = PBXGroup;
			children = (
				906B70A324A2353300062C46 /* tasks */,
			);
			path = plannings;
			sourceTree = "<group>";
		};
		906B70A324A2353300062C46 /* tasks */ = {
			isa = PBXGroup;
			children = (
				906B70A424A2354C00062C46 /* ListTaskTableViewCell.swift */,
			);
			path = tasks;
			sourceTree = "<group>";
		};
/* End PBXGroup section */

/* Begin PBXNativeTarget section */
		9048742824A18FC200022533 /* Spring Planning Tools */ = {
			isa = PBXNativeTarget;
			buildConfigurationList = 9048744224A18FC400022533 /* Build configuration list for PBXNativeTarget "Spring Planning Tools" */;
			buildPhases = (
				9048742524A18FC200022533 /* Sources */,
				9048742624A18FC200022533 /* Frameworks */,
				9048742724A18FC200022533 /* Resources */,
			);
			buildRules = (
			);
			dependencies = (
			);
			name = "Spring Planning Tools";
			productName = "Spring Planning Tools";
			productReference = 9048742924A18FC200022533 /* Spring Planning Tools.app */;
			productType = "com.apple.product-type.application";
		};
/* End PBXNativeTarget section */

/* Begin PBXProject section */
		9048742124A18FC200022533 /* Project object */ = {
			isa = PBXProject;
			attributes = {
				LastSwiftUpdateCheck = 1150;
				LastUpgradeCheck = 1150;
				ORGANIZATIONNAME = "mendel bellaiche";
				TargetAttributes = {
					9048742824A18FC200022533 = {
						CreatedOnToolsVersion = 11.5;
					};
				};
			};
			buildConfigurationList = 9048742424A18FC200022533 /* Build configuration list for PBXProject "Spring Planning Tools" */;
			compatibilityVersion = "Xcode 9.3";
			developmentRegion = en;
			hasScannedForEncodings = 0;
			knownRegions = (
				en,
				Base,
			);
			mainGroup = 9048742024A18FC200022533;
			productRefGroup = 9048742A24A18FC200022533 /* Products */;
			projectDirPath = "";
			projectRoot = "";
			targets = (
				9048742824A18FC200022533 /* Spring Planning Tools */,
			);
		};
/* End PBXProject section */

/* Begin PBXResourcesBuildPhase section */
		9048742724A18FC200022533 /* Resources */ = {
			isa = PBXResourcesBuildPhase;
			buildActionMask = 2147483647;
			files = (
				9048743E24A18FC400022533 /* LaunchScreen.storyboard in Resources */,
				9048743B24A18FC400022533 /* Assets.xcassets in Resources */,
				9048743624A18FC200022533 /* Main.storyboard in Resources */,
			);
			runOnlyForDeploymentPostprocessing = 0;
		};
/* End PBXResourcesBuildPhase section */

/* Begin PBXSourcesBuildPhase section */
		9048742524A18FC200022533 /* Sources */ = {
			isa = PBXSourcesBuildPhase;
			buildActionMask = 2147483647;
			files = (
				906869C524A3422E00AF775A /* AuthorTaskViewController.swift in Sources */,
				9048745724A1F54E00022533 /* CoreDataHelper.swift in Sources */,
				9048743924A18FC200022533 /* Spring_Planning_Tools.xcdatamodeld in Sources */,
				9048744724A1F20C00022533 /* Protocols.swift in Sources */,
				9048744924A1F21600022533 /* Constants.swift in Sources */,
				9048742D24A18FC200022533 /* AppDelegate.swift in Sources */,
				9048745524A1F54000022533 /* PlanningDetailViewController.swift in Sources */,
				9048745324A1F53000022533 /* PlanningMasterTableViewController.swift in Sources */,
				9048744C24A1F22B00022533 /* Enums.swift in Sources */,
				906B70A524A2354C00062C46 /* ListTaskTableViewCell.swift in Sources */,
				906B70A724A266A500062C46 /* TaskDetailViewController.swift in Sources */,
				9048742F24A18FC200022533 /* SceneDelegate.swift in Sources */,
				9048745924A2031800022533 /* Extensions.swift in Sources */,
				9048745024A1F2DF00022533 /* SettingsTableViewController.swift in Sources */,
			);
			runOnlyForDeploymentPostprocessing = 0;
		};
/* End PBXSourcesBuildPhase section */

/* Begin PBXVariantGroup section */
		9048743424A18FC200022533 /* Main.storyboard */ = {
			isa = PBXVariantGroup;
			children = (
				9048743524A18FC200022533 /* Base */,
			);
			name = Main.storyboard;
			sourceTree = "<group>";
		};
		9048743C24A18FC400022533 /* LaunchScreen.storyboard */ = {
			isa = PBXVariantGroup;
			children = (
				9048743D24A18FC400022533 /* Base */,
			);
			name = LaunchScreen.storyboard;
			sourceTree = "<group>";
		};
/* End PBXVariantGroup section */

/* Begin XCBuildConfiguration section */
		9048744024A18FC400022533 /* Debug */ = {
			isa = XCBuildConfiguration;
			buildSettings = {
				ALWAYS_SEARCH_USER_PATHS = NO;
				CLANG_ANALYZER_NONNULL = YES;
				CLANG_ANALYZER_NUMBER_OBJECT_CONVERSION = YES_AGGRESSIVE;
				CLANG_CXX_LANGUAGE_STANDARD = "gnu++14";
				CLANG_CXX_LIBRARY = "libc++";
				CLANG_ENABLE_MODULES = YES;
				CLANG_ENABLE_OBJC_ARC = YES;
				CLANG_ENABLE_OBJC_WEAK = YES;
				CLANG_WARN_BLOCK_CAPTURE_AUTORELEASING = YES;
				CLANG_WARN_BOOL_CONVERSION = YES;
				CLANG_WARN_COMMA = YES;
				CLANG_WARN_CONSTANT_CONVERSION = YES;
				CLANG_WARN_DEPRECATED_OBJC_IMPLEMENTATIONS = YES;
				CLANG_WARN_DIRECT_OBJC_ISA_USAGE = YES_ERROR;
				CLANG_WARN_DOCUMENTATION_COMMENTS = YES;
				CLANG_WARN_EMPTY_BODY = YES;
				CLANG_WARN_ENUM_CONVERSION = YES;
				CLANG_WARN_INFINITE_RECURSION = YES;
				CLANG_WARN_INT_CONVERSION = YES;
				CLANG_WARN_NON_LITERAL_NULL_CONVERSION = YES;
				CLANG_WARN_OBJC_IMPLICIT_RETAIN_SELF = YES;
				CLANG_WARN_OBJC_LITERAL_CONVERSION = YES;
				CLANG_WARN_OBJC_ROOT_CLASS = YES_ERROR;
				CLANG_WARN_RANGE_LOOP_ANALYSIS = YES;
				CLANG_WARN_STRICT_PROTOTYPES = YES;
				CLANG_WARN_SUSPICIOUS_MOVE = YES;
				CLANG_WARN_UNGUARDED_AVAILABILITY = YES_AGGRESSIVE;
				CLANG_WARN_UNREACHABLE_CODE = YES;
				CLANG_WARN__DUPLICATE_METHOD_MATCH = YES;
				COPY_PHASE_STRIP = NO;
				DEBUG_INFORMATION_FORMAT = dwarf;
				ENABLE_STRICT_OBJC_MSGSEND = YES;
				ENABLE_TESTABILITY = YES;
				GCC_C_LANGUAGE_STANDARD = gnu11;
				GCC_DYNAMIC_NO_PIC = NO;
				GCC_NO_COMMON_BLOCKS = YES;
				GCC_OPTIMIZATION_LEVEL = 0;
				GCC_PREPROCESSOR_DEFINITIONS = (
					"DEBUG=1",
					"$(inherited)",
				);
				GCC_WARN_64_TO_32_BIT_CONVERSION = YES;
				GCC_WARN_ABOUT_RETURN_TYPE = YES_ERROR;
				GCC_WARN_UNDECLARED_SELECTOR = YES;
				GCC_WARN_UNINITIALIZED_AUTOS = YES_AGGRESSIVE;
				GCC_WARN_UNUSED_FUNCTION = YES;
				GCC_WARN_UNUSED_VARIABLE = YES;
				IPHONEOS_DEPLOYMENT_TARGET = 13.5;
				MTL_ENABLE_DEBUG_INFO = INCLUDE_SOURCE;
				MTL_FAST_MATH = YES;
				ONLY_ACTIVE_ARCH = YES;
				SDKROOT = iphoneos;
				SWIFT_ACTIVE_COMPILATION_CONDITIONS = DEBUG;
				SWIFT_OPTIMIZATION_LEVEL = "-Onone";
			};
			name = Debug;
		};
		9048744124A18FC400022533 /* Release */ = {
			isa = XCBuildConfiguration;
			buildSettings = {
				ALWAYS_SEARCH_USER_PATHS = NO;
				CLANG_ANALYZER_NONNULL = YES;
				CLANG_ANALYZER_NUMBER_OBJECT_CONVERSION = YES_AGGRESSIVE;
				CLANG_CXX_LANGUAGE_STANDARD = "gnu++14";
				CLANG_CXX_LIBRARY = "libc++";
				CLANG_ENABLE_MODULES = YES;
				CLANG_ENABLE_OBJC_ARC = YES;
				CLANG_ENABLE_OBJC_WEAK = YES;
				CLANG_WARN_BLOCK_CAPTURE_AUTORELEASING = YES;
				CLANG_WARN_BOOL_CONVERSION = YES;
				CLANG_WARN_COMMA = YES;
				CLANG_WARN_CONSTANT_CONVERSION = YES;
				CLANG_WARN_DEPRECATED_OBJC_IMPLEMENTATIONS = YES;
				CLANG_WARN_DIRECT_OBJC_ISA_USAGE = YES_ERROR;
				CLANG_WARN_DOCUMENTATION_COMMENTS = YES;
				CLANG_WARN_EMPTY_BODY = YES;
				CLANG_WARN_ENUM_CONVERSION = YES;
				CLANG_WARN_INFINITE_RECURSION = YES;
				CLANG_WARN_INT_CONVERSION = YES;
				CLANG_WARN_NON_LITERAL_NULL_CONVERSION = YES;
				CLANG_WARN_OBJC_IMPLICIT_RETAIN_SELF = YES;
				CLANG_WARN_OBJC_LITERAL_CONVERSION = YES;
				CLANG_WARN_OBJC_ROOT_CLASS = YES_ERROR;
				CLANG_WARN_RANGE_LOOP_ANALYSIS = YES;
				CLANG_WARN_STRICT_PROTOTYPES = YES;
				CLANG_WARN_SUSPICIOUS_MOVE = YES;
				CLANG_WARN_UNGUARDED_AVAILABILITY = YES_AGGRESSIVE;
				CLANG_WARN_UNREACHABLE_CODE = YES;
				CLANG_WARN__DUPLICATE_METHOD_MATCH = YES;
				COPY_PHASE_STRIP = NO;
				DEBUG_INFORMATION_FORMAT = "dwarf-with-dsym";
				ENABLE_NS_ASSERTIONS = NO;
				ENABLE_STRICT_OBJC_MSGSEND = YES;
				GCC_C_LANGUAGE_STANDARD = gnu11;
				GCC_NO_COMMON_BLOCKS = YES;
				GCC_WARN_64_TO_32_BIT_CONVERSION = YES;
				GCC_WARN_ABOUT_RETURN_TYPE = YES_ERROR;
				GCC_WARN_UNDECLARED_SELECTOR = YES;
				GCC_WARN_UNINITIALIZED_AUTOS = YES_AGGRESSIVE;
				GCC_WARN_UNUSED_FUNCTION = YES;
				GCC_WARN_UNUSED_VARIABLE = YES;
				IPHONEOS_DEPLOYMENT_TARGET = 13.5;
				MTL_ENABLE_DEBUG_INFO = NO;
				MTL_FAST_MATH = YES;
				SDKROOT = iphoneos;
				SWIFT_COMPILATION_MODE = wholemodule;
				SWIFT_OPTIMIZATION_LEVEL = "-O";
				VALIDATE_PRODUCT = YES;
			};
			name = Release;
		};
		9048744324A18FC400022533 /* Debug */ = {
			isa = XCBuildConfiguration;
			buildSettings = {
				ASSETCATALOG_COMPILER_APPICON_NAME = AppIcon;
				CODE_SIGN_STYLE = Automatic;
				DEVELOPMENT_TEAM = 5FXN5D68CM;
				INFOPLIST_FILE = "Spring Planning Tools/Info.plist";
				LD_RUNPATH_SEARCH_PATHS = (
					"$(inherited)",
					"@executable_path/Frameworks",
				);
				PRODUCT_BUNDLE_IDENTIFIER = "com.bellaichemendel.Spring-Planning-Tools";
				PRODUCT_NAME = "$(TARGET_NAME)";
				SWIFT_VERSION = 5.0;
				TARGETED_DEVICE_FAMILY = 2;
			};
			name = Debug;
		};
		9048744424A18FC400022533 /* Release */ = {
			isa = XCBuildConfiguration;
			buildSettings = {
				ASSETCATALOG_COMPILER_APPICON_NAME = AppIcon;
				CODE_SIGN_STYLE = Automatic;
				DEVELOPMENT_TEAM = 5FXN5D68CM;
				INFOPLIST_FILE = "Spring Planning Tools/Info.plist";
				LD_RUNPATH_SEARCH_PATHS = (
					"$(inherited)",
					"@executable_path/Frameworks",
				);
				PRODUCT_BUNDLE_IDENTIFIER = "com.bellaichemendel.Spring-Planning-Tools";
				PRODUCT_NAME = "$(TARGET_NAME)";
				SWIFT_VERSION = 5.0;
				TARGETED_DEVICE_FAMILY = 2;
			};
			name = Release;
		};
/* End XCBuildConfiguration section */

/* Begin XCConfigurationList section */
		9048742424A18FC200022533 /* Build configuration list for PBXProject "Spring Planning Tools" */ = {
			isa = XCConfigurationList;
			buildConfigurations = (
				9048744024A18FC400022533 /* Debug */,
				9048744124A18FC400022533 /* Release */,
			);
			defaultConfigurationIsVisible = 0;
			defaultConfigurationName = Release;
		};
		9048744224A18FC400022533 /* Build configuration list for PBXNativeTarget "Spring Planning Tools" */ = {
			isa = XCConfigurationList;
			buildConfigurations = (
				9048744324A18FC400022533 /* Debug */,
				9048744424A18FC400022533 /* Release */,
			);
			defaultConfigurationIsVisible = 0;
			defaultConfigurationName = Release;
		};
/* End XCConfigurationList section */

/* Begin XCVersionGroup section */
		9048743724A18FC200022533 /* Spring_Planning_Tools.xcdatamodeld */ = {
			isa = XCVersionGroup;
			children = (
				9048743824A18FC200022533 /* Spring_Planning_Tools.xcdatamodel */,
			);
			currentVersion = 9048743824A18FC200022533 /* Spring_Planning_Tools.xcdatamodel */;
			path = Spring_Planning_Tools.xcdatamodeld;
			sourceTree = "<group>";
			versionGroupType = wrapper.xcdatamodel;
		};
/* End XCVersionGroup section */
	};
	rootObject = 9048742124A18FC200022533 /* Project object */;
}
